
Microsoft Visual Studio Solution File, Format Version 12.00
# TcXaeShell Solution File, Format Version 11.00
VisualStudioVersion = 15.0.28307.1913
MinimumVisualStudioVersion = 10.0.40219.1
Project("{B1E792BE-AA5F-4E3C-8C82-674BF9C0715B}") = "Tc3-SCARA-Sample-1", "Tc3-SCARA-Sample-1\Tc3-SCARA-Sample-1.tsproj", "{A9A57635-0372-4A4D-B7AF-F0847630321E}"
EndProject
Project("{FE7A1B72-C5B7-4D7C-BB7D-76384D4DE8E1}") = "Hmi-SCARA-Sample-1", "Hmi-SCARA-Sample-1\Hmi-SCARA-Sample-1.hmiproj", "{CFD788DD-3ECF-4203-A65F-648EA652468C}"
EndProject
Global
	GlobalSection(SolutionConfigurationPlatforms) = preSolution
		Debug|TwinCAT CE7 (ARMV7) = Debug|TwinCAT CE7 (ARMV7)
		Debug|TwinCAT HMI = Debug|TwinCAT HMI
		Debug|TwinCAT OS (ARMT2) = Debug|TwinCAT OS (ARMT2)
		Debug|TwinCAT RT (x64) = Debug|TwinCAT RT (x64)
		Debug|TwinCAT RT (x86) = Debug|TwinCAT RT (x86)
		Release|TwinCAT CE7 (ARMV7) = Release|TwinCAT CE7 (ARMV7)
		Release|TwinCAT HMI = Release|TwinCAT HMI
		Release|TwinCAT OS (ARMT2) = Release|TwinCAT OS (ARMT2)
		Release|TwinCAT RT (x64) = Release|TwinCAT RT (x64)
		Release|TwinCAT RT (x86) = Release|TwinCAT RT (x86)
	EndGlobalSection
	GlobalSection(ProjectConfigurationPlatforms) = postSolution
		{A9A57635-0372-4A4D-B7AF-F0847630321E}.Debug|TwinCAT CE7 (ARMV7).ActiveCfg = Debug|TwinCAT CE7 (ARMV7)
		{A9A57635-0372-4A4D-B7AF-F0847630321E}.Debug|TwinCAT CE7 (ARMV7).Build.0 = Debug|TwinCAT CE7 (ARMV7)
		{A9A57635-0372-4A4D-B7AF-F0847630321E}.Debug|TwinCAT HMI.ActiveCfg = Debug|TwinCAT RT (x86)
		{A9A57635-0372-4A4D-B7AF-F0847630321E}.Debug|TwinCAT OS (ARMT2).ActiveCfg = Debug|TwinCAT OS (ARMT2)
		{A9A57635-0372-4A4D-B7AF-F0847630321E}.Debug|TwinCAT OS (ARMT2).Build.0 = Debug|TwinCAT OS (ARMT2)
		{A9A57635-0372-4A4D-B7AF-F0847630321E}.Debug|TwinCAT RT (x64).ActiveCfg = Debug|TwinCAT RT (x64)
		{A9A57635-0372-4A4D-B7AF-F0847630321E}.Debug|TwinCAT RT (x64).Build.0 = Debug|TwinCAT RT (x64)
		{A9A57635-0372-4A4D-B7AF-F0847630321E}.Debug|TwinCAT RT (x86).ActiveCfg = Debug|TwinCAT RT (x86)
		{A9A57635-0372-4A4D-B7AF-F0847630321E}.Debug|TwinCAT RT (x86).Build.0 = Debug|TwinCAT RT (x86)
		{A9A57635-0372-4A4D-B7AF-F0847630321E}.Release|TwinCAT CE7 (ARMV7).ActiveCfg = Release|TwinCAT CE7 (ARMV7)
		{A9A57635-0372-4A4D-B7AF-F0847630321E}.Release|TwinCAT CE7 (ARMV7).Build.0 = Release|TwinCAT CE7 (ARMV7)
		{A9A57635-0372-4A4D-B7AF-F0847630321E}.Release|TwinCAT HMI.ActiveCfg = Release|TwinCAT RT (x86)
		{A9A57635-0372-4A4D-B7AF-F0847630321E}.Release|TwinCAT OS (ARMT2).ActiveCfg = Release|TwinCAT OS (ARMT2)
		{A9A57635-0372-4A4D-B7AF-F0847630321E}.Release|TwinCAT OS (ARMT2).Build.0 = Release|TwinCAT OS (ARMT2)
		{A9A57635-0372-4A4D-B7AF-F0847630321E}.Release|TwinCAT RT (x64).ActiveCfg = Release|TwinCAT RT (x64)
		{A9A57635-0372-4A4D-B7AF-F0847630321E}.Release|TwinCAT RT (x64).Build.0 = Release|TwinCAT RT (x64)
		{A9A57635-0372-4A4D-B7AF-F0847630321E}.Release|TwinCAT RT (x86).ActiveCfg = Release|TwinCAT RT (x86)
		{A9A57635-0372-4A4D-B7AF-F0847630321E}.Release|TwinCAT RT (x86).Build.0 = Release|TwinCAT RT (x86)
		{CFD788DD-3ECF-4203-A65F-648EA652468C}.Debug|TwinCAT CE7 (ARMV7).ActiveCfg = Debug|TwinCAT HMI
		{CFD788DD-3ECF-4203-A65F-648EA652468C}.Debug|TwinCAT HMI.ActiveCfg = Debug|TwinCAT HMI
		{CFD788DD-3ECF-4203-A65F-648EA652468C}.Debug|TwinCAT HMI.Build.0 = Debug|TwinCAT HMI
		{CFD788DD-3ECF-4203-A65F-648EA652468C}.Debug|TwinCAT OS (ARMT2).ActiveCfg = Debug|TwinCAT HMI
		{CFD788DD-3ECF-4203-A65F-648EA652468C}.Debug|TwinCAT RT (x64).ActiveCfg = Debug|TwinCAT HMI
		{CFD788DD-3ECF-4203-A65F-648EA652468C}.Debug|TwinCAT RT (x86).ActiveCfg = Debug|TwinCAT HMI
		{CFD788DD-3ECF-4203-A65F-648EA652468C}.Release|TwinCAT CE7 (ARMV7).ActiveCfg = Release|TwinCAT HMI
		{CFD788DD-3ECF-4203-A65F-648EA652468C}.Release|TwinCAT HMI.ActiveCfg = Release|TwinCAT HMI
		{CFD788DD-3ECF-4203-A65F-648EA652468C}.Release|TwinCAT HMI.Build.0 = Release|TwinCAT HMI
		{CFD788DD-3ECF-4203-A65F-648EA652468C}.Release|TwinCAT OS (ARMT2).ActiveCfg = Release|TwinCAT HMI
		{CFD788DD-3ECF-4203-A65F-648EA652468C}.Release|TwinCAT RT (x64).ActiveCfg = Release|TwinCAT HMI
		{CFD788DD-3ECF-4203-A65F-648EA652468C}.Release|TwinCAT RT (x86).ActiveCfg = Release|TwinCAT HMI
		{51A4BC95-765C-4A5E-9A35-35EFE7EFBB89}.Debug|TwinCAT CE7 (ARMV7).ActiveCfg = Debug|TwinCAT CE7 (ARMV7)
		{51A4BC95-765C-4A5E-9A35-35EFE7EFBB89}.Debug|TwinCAT CE7 (ARMV7).Build.0 = Debug|TwinCAT CE7 (ARMV7)
		{51A4BC95-765C-4A5E-9A35-35EFE7EFBB89}.Debug|TwinCAT HMI.ActiveCfg = Debug|TwinCAT RT (x86)
		{51A4BC95-765C-4A5E-9A35-35EFE7EFBB89}.Debug|TwinCAT OS (ARMT2).ActiveCfg = Debug|TwinCAT OS (ARMT2)
		{51A4BC95-765C-4A5E-9A35-35EFE7EFBB89}.Debug|TwinCAT OS (ARMT2).Build.0 = Debug|TwinCAT OS (ARMT2)
		{51A4BC95-765C-4A5E-9A35-35EFE7EFBB89}.Debug|TwinCAT RT (x64).ActiveCfg = Debug|TwinCAT RT (x64)
		{51A4BC95-765C-4A5E-9A35-35EFE7EFBB89}.Debug|TwinCAT RT (x64).Build.0 = Debug|TwinCAT RT (x64)
		{51A4BC95-765C-4A5E-9A35-35EFE7EFBB89}.Debug|TwinCAT RT (x86).ActiveCfg = Debug|TwinCAT RT (x86)
		{51A4BC95-765C-4A5E-9A35-35EFE7EFBB89}.Debug|TwinCAT RT (x86).Build.0 = Debug|TwinCAT RT (x86)
		{51A4BC95-765C-4A5E-9A35-35EFE7EFBB89}.Release|TwinCAT CE7 (ARMV7).ActiveCfg = Release|TwinCAT CE7 (ARMV7)
		{51A4BC95-765C-4A5E-9A35-35EFE7EFBB89}.Release|TwinCAT CE7 (ARMV7).Build.0 = Release|TwinCAT CE7 (ARMV7)
		{51A4BC95-765C-4A5E-9A35-35EFE7EFBB89}.Release|TwinCAT HMI.ActiveCfg = Release|TwinCAT RT (x86)
		{51A4BC95-765C-4A5E-9A35-35EFE7EFBB89}.Release|TwinCAT OS (ARMT2).ActiveCfg = Release|TwinCAT OS (ARMT2)
		{51A4BC95-765C-4A5E-9A35-35EFE7EFBB89}.Release|TwinCAT OS (ARMT2).Build.0 = Release|TwinCAT OS (ARMT2)
		{51A4BC95-765C-4A5E-9A35-35EFE7EFBB89}.Release|TwinCAT RT (x64).ActiveCfg = Release|TwinCAT RT (x64)
		{51A4BC95-765C-4A5E-9A35-35EFE7EFBB89}.Release|TwinCAT RT (x64).Build.0 = Release|TwinCAT RT (x64)
		{51A4BC95-765C-4A5E-9A35-35EFE7EFBB89}.Release|TwinCAT RT (x86).ActiveCfg = Release|TwinCAT RT (x86)
		{51A4BC95-765C-4A5E-9A35-35EFE7EFBB89}.Release|TwinCAT RT (x86).Build.0 = Release|TwinCAT RT (x86)
	EndGlobalSection
	GlobalSection(SolutionProperties) = preSolution
		HideSolutionNode = FALSE
	EndGlobalSection
	GlobalSection(ExtensibilityGlobals) = postSolution
		SolutionGuid = {BAB896DD-3BE3-4154-B3BD-948BBE64300C}
	EndGlobalSection
EndGlobal
